
Microsoft Visual Studio Solution File, Format Version 12.00
# Visual Studio Version 16
VisualStudioVersion = 25.0.1703.7
MinimumVisualStudioVersion = 10.0.40219.1
Project("{FAE04EC0-301F-11D3-BF4B-00C04F79EFBC}") = "c-sharp_text_realtime_game", "c-sharp_text_realtime_game\c-sharp_text_realtime_game.csproj", "{15A6AD7C-1A66-4931-ADD6-3D6A3C0F206A}"
EndProject
Global
	GlobalSection(SolutionConfigurationPlatforms) = preSolution
		Debug|Any CPU = Debug|Any CPU
		Release|Any CPU = Release|Any CPU
	EndGlobalSection
	GlobalSection(ProjectConfigurationPlatforms) = postSolution
		{15A6AD7C-1A66-4931-ADD6-3D6A3C0F206A}.Debug|Any CPU.ActiveCfg = Debug|Any CPU
		{15A6AD7C-1A66-4931-ADD6-3D6A3C0F206A}.Debug|Any CPU.Build.0 = Debug|Any CPU
		{15A6AD7C-1A66-4931-ADD6-3D6A3C0F206A}.Release|Any CPU.ActiveCfg = Release|Any CPU
		{15A6AD7C-1A66-4931-ADD6-3D6A3C0F206A}.Release|Any CPU.Build.0 = Release|Any CPU
	EndGlobalSection
	GlobalSection(SolutionProperties) = preSolution
		HideSolutionNode = FALSE
	EndGlobalSection
	GlobalSection(ExtensibilityGlobals) = postSolution
		SolutionGuid = {CE8E8E1F-FEAC-42C9-97FD-30B215726A67}
	EndGlobalSection
EndGlobal
